
Microsoft Visual Studio Solution File, Format Version 12.00
# Visual Studio Version 17
VisualStudioVersion = 17.10.35013.160
MinimumVisualStudioVersion = 10.0.40219.1
Project("{FAE04EC0-301F-11D3-BF4B-00C04F79EFBC}") = "User Management System", "User Management System\User Management System.csproj", "{AEF1EB94-17D1-4B68-A355-2D0DA61020E2}"
EndProject
Global
	GlobalSection(SolutionConfigurationPlatforms) = preSolution
		Debug|Any CPU = Debug|Any CPU
		Release|Any CPU = Release|Any CPU
	EndGlobalSection
	GlobalSection(ProjectConfigurationPlatforms) = postSolution
		{AEF1EB94-17D1-4B68-A355-2D0DA61020E2}.Debug|Any CPU.ActiveCfg = Debug|Any CPU
		{AEF1EB94-17D1-4B68-A355-2D0DA61020E2}.Debug|Any CPU.Build.0 = Debug|Any CPU
		{AEF1EB94-17D1-4B68-A355-2D0DA61020E2}.Release|Any CPU.ActiveCfg = Release|Any CPU
		{AEF1EB94-17D1-4B68-A355-2D0DA61020E2}.Release|Any CPU.Build.0 = Release|Any CPU
	EndGlobalSection
	GlobalSection(SolutionProperties) = preSolution
		HideSolutionNode = FALSE
	EndGlobalSection
	GlobalSection(ExtensibilityGlobals) = postSolution
		SolutionGuid = {D7C1AA8F-D444-4C11-8240-9A0270DEAB14}
	EndGlobalSection
EndGlobal
